<?xml version="1.0" encoding="utf-8"?>
<Project ToolsVersion="4.0" xmlns="http://schemas.microsoft.com/developer/msbuild/2003">
  <ItemGroup>
    <ClCompile Include="AnimatedGLTexture.cpp" />
    <ClCompile Include="AnimatedTexture.cpp" />
    <ClCompile Include="AssetManager.cpp" />
    <ClCompile Include="AudioManager.cpp" />
    <ClCompile Include="Beanz.cpp" />
    <ClCompile Include="BezierPath.cpp" />
    <ClCompile Include="BoxCollider.cpp" />
    <ClCompile Include="CircleCollider.cpp" />
    <ClCompile Include="Collider.cpp" />
    <ClCompile Include="GameOverScreen.cpp" />
    <ClCompile Include="Level0.cpp" />
    <ClCompile Include="Level1.cpp" />
    <ClCompile Include="Level2.cpp" />
    <ClCompile Include="Object.cpp" />
    <ClCompile Include="Rumpff.cpp" />
    <ClCompile Include="Wad.cpp" />
    <ClCompile Include="GameEntity.cpp" />
    <ClCompile Include="GameManager.cpp" />
    <ClCompile Include="GLGraphics.cpp" />
    <ClCompile Include="GLTexture.cpp" />
    <ClCompile Include="Graphics.cpp" />
    <ClCompile Include="Gump.cpp" />
    <ClCompile Include="InputManager.cpp" />
    <ClCompile Include="main.cpp" />
    <ClCompile Include="PhysEntity.cpp" />
    <ClCompile Include="PhysicsManager.cpp" />
    <ClCompile Include="Player.cpp" />
    <ClCompile Include="PlayScreen.cpp" />
    <ClCompile Include="Random.cpp" />
    <ClCompile Include="Scoreboard.cpp" />
    <ClCompile Include="ScreenManager.cpp" />
    <ClCompile Include="ShaderUtil.cpp" />
    <ClCompile Include="StartScreen.cpp" />
    <ClCompile Include="Texture.cpp" />
    <ClCompile Include="Timer.cpp" />
    <ClCompile Include="tinyxml2.cpp" />
    <ClCompile Include="TutorialScreen.cpp" />
  </ItemGroup>
  <ItemGroup>
    <ClInclude Include="AnimatedGLTexture.h" />
    <ClInclude Include="AnimatedTexture.h" />
    <ClInclude Include="AssetManager.h" />
    <ClInclude Include="AudioManager.h" />
    <ClInclude Include="Beanz.h" />
    <ClInclude Include="BoxCollider.h" />
    <ClInclude Include="CircleCollider.h" />
    <ClInclude Include="Collider.h" />
    <ClInclude Include="GameOverScreen.h" />
    <ClInclude Include="Level0.h" />
    <ClInclude Include="Level1.h" />
    <ClInclude Include="Level2.h" />
    <ClInclude Include="Object.h" />
    <ClInclude Include="Rumpff.h" />
    <ClInclude Include="Wad.h" />
    <ClInclude Include="GameEntity.h" />
    <ClInclude Include="GameManager.h" />
    <ClInclude Include="GLGraphics.h" />
    <ClInclude Include="GLTexture.h" />
    <ClInclude Include="Graphics.h" />
    <ClInclude Include="BezierPath.h" />
    <ClInclude Include="Gump.h" />
    <ClInclude Include="InputManager.h" />
    <ClInclude Include="MathHelper.h" />
    <ClInclude Include="PhysEntity.h" />
    <ClInclude Include="PhysicsHelper.h" />
    <ClInclude Include="PhysicsManager.h" />
    <ClInclude Include="Player.h" />
    <ClInclude Include="PlayScreen.h" />
    <ClInclude Include="Random.h" />
    <ClInclude Include="Scoreboard.h" />
    <ClInclude Include="ScreenManager.h" />
    <ClInclude Include="ShaderUtil.h" />
    <ClInclude Include="StartScreen.h" />
    <ClInclude Include="Texture.h" />
    <ClInclude Include="Timer.h" />
    <ClInclude Include="tinyxml2.h" />
    <ClInclude Include="TopArea1.h" />
    <ClInclude Include="TutorialScreen.h" />
  </ItemGroup>
  <ItemGroup>
    <None Include="fs.shader" />
    <None Include="vs.shader" />
  </ItemGroup>
</Project>